// !$*UTF8*$!
{
	archiveVersion = 1;
	classes = {
	};
	objectVersion = 50;
	objects = {

/* Begin PBXBuildFile section */
		20F2CCEA278DE17500128598 /* MusivityApp.swift in Sources */ = {isa = PBXBuildFile; fileRef = 20F2CCE9278DE17500128598 /* MusivityApp.swift */; };
		20F2CCEC278DE17500128598 /* ContentView.swift in Sources */ = {isa = PBXBuildFile; fileRef = 20F2CCEB278DE17500128598 /* ContentView.swift */; };
		20F2CCEE278DE17F00128598 /* Assets.xcassets in Resources */ = {isa = PBXBuildFile; fileRef = 20F2CCED278DE17F00128598 /* Assets.xcassets */; };
		20F2CCF1278DE17F00128598 /* Preview Assets.xcassets in Resources */ = {isa = PBXBuildFile; fileRef = 20F2CCF0278DE17F00128598 /* Preview Assets.xcassets */; };
		20F2CCFC278DE17F00128598 /* MusivityTests.swift in Sources */ = {isa = PBXBuildFile; fileRef = 20F2CCFB278DE17F00128598 /* MusivityTests.swift */; };
		20F2CD07278DE17F00128598 /* MusivityUITests.swift in Sources */ = {isa = PBXBuildFile; fileRef = 20F2CD06278DE17F00128598 /* MusivityUITests.swift */; };
		20F2CD19278DE37100128598 /* CardView.swift in Sources */ = {isa = PBXBuildFile; fileRef = 20F2CD18278DE37100128598 /* CardView.swift */; };
		20F2CD29278DE46400128598 /* Song.swift in Sources */ = {isa = PBXBuildFile; fileRef = 20F2CD28278DE46400128598 /* Song.swift */; };
		5D15DA39278DFAB500D2018C /* bensound-creativeminds.mp3 in Resources */ = {isa = PBXBuildFile; fileRef = 5D15DA2E278DFAB400D2018C /* bensound-creativeminds.mp3 */; };
		5D15DA3A278DFAB500D2018C /* bensound-happyrock.mp3 in Resources */ = {isa = PBXBuildFile; fileRef = 5D15DA2F278DFAB400D2018C /* bensound-happyrock.mp3 */; };
		5D15DA3B278DFAB500D2018C /* bensound-anewbeginning.mp3 in Resources */ = {isa = PBXBuildFile; fileRef = 5D15DA30278DFAB400D2018C /* bensound-anewbeginning.mp3 */; };
		5D15DA3C278DFAB500D2018C /* bensound-goinghigher.mp3 in Resources */ = {isa = PBXBuildFile; fileRef = 5D15DA31278DFAB400D2018C /* bensound-goinghigher.mp3 */; };
		5D15DA3D278DFAB500D2018C /* bensound-sunny.mp3 in Resources */ = {isa = PBXBuildFile; fileRef = 5D15DA32278DFAB400D2018C /* bensound-sunny.mp3 */; };
		5D15DA3E278DFAB500D2018C /* bensound-betterdays.mp3 in Resources */ = {isa = PBXBuildFile; fileRef = 5D15DA33278DFAB500D2018C /* bensound-betterdays.mp3 */; };
		5D15DA3F278DFAB500D2018C /* bensound-ukulele.mp3 in Resources */ = {isa = PBXBuildFile; fileRef = 5D15DA34278DFAB500D2018C /* bensound-ukulele.mp3 */; };
		5D15DA40278DFAB500D2018C /* bensound-jazzyfrenchy.mp3 in Resources */ = {isa = PBXBuildFile; fileRef = 5D15DA35278DFAB500D2018C /* bensound-jazzyfrenchy.mp3 */; };
		5D15DA41278DFAB500D2018C /* bensound-littleidea.mp3 in Resources */ = {isa = PBXBuildFile; fileRef = 5D15DA36278DFAB500D2018C /* bensound-littleidea.mp3 */; };
		5D15DA42278DFAB500D2018C /* bensound-tomorrow.mp3 in Resources */ = {isa = PBXBuildFile; fileRef = 5D15DA37278DFAB500D2018C /* bensound-tomorrow.mp3 */; };
		5D15DA43278DFAB500D2018C /* bensound-dubstep.mp3 in Resources */ = {isa = PBXBuildFile; fileRef = 5D15DA38278DFAB500D2018C /* bensound-dubstep.mp3 */; };
		5D399B1A278E24790059AF78 /* goinghigher.png in Resources */ = {isa = PBXBuildFile; fileRef = 5D399B19278E24790059AF78 /* goinghigher.png */; };
		5D399B1C278E250D0059AF78 /* tomorrow.png in Resources */ = {isa = PBXBuildFile; fileRef = 5D399B1B278E250D0059AF78 /* tomorrow.png */; };
		5D399B1E278E26C20059AF78 /* face-laugh-beam-regular.svg in Resources */ = {isa = PBXBuildFile; fileRef = 5D399B1D278E26C20059AF78 /* face-laugh-beam-regular.svg */; };
		5D399B20278E26E80059AF78 /* face-sad-cry-regular.svg in Resources */ = {isa = PBXBuildFile; fileRef = 5D399B1F278E26E80059AF78 /* face-sad-cry-regular.svg */; };
		5D399B22278E2A790059AF78 /* ukulele.png in Resources */ = {isa = PBXBuildFile; fileRef = 5D399B21278E2A790059AF78 /* ukulele.png */; };
		5D399B24278E2B060059AF78 /* face-frown-solid.svg in Resources */ = {isa = PBXBuildFile; fileRef = 5D399B23278E2B060059AF78 /* face-frown-solid.svg */; };
		5D399B26278E2C930059AF78 /* face-frown-regular.svg in Resources */ = {isa = PBXBuildFile; fileRef = 5D399B25278E2C930059AF78 /* face-frown-regular.svg */; };
		5D399B28278E694F0059AF78 /* brainicon.png in Resources */ = {isa = PBXBuildFile; fileRef = 5D399B27278E694F0059AF78 /* brainicon.png */; };
		5D50D6B3278DECDB0005BB41 /* MusicPlayer.swift in Sources */ = {isa = PBXBuildFile; fileRef = 5D50D6B2278DECDB0005BB41 /* MusicPlayer.swift */; };
		5DBED8AC278F57A50059D088 /* bensound-allthat.mp3 in Resources */ = {isa = PBXBuildFile; fileRef = 5DBED8AB278F57A50059D088 /* bensound-allthat.mp3 */; };
		5DBED8B1278F57B20059D088 /* bensound-buddy.mp3 in Resources */ = {isa = PBXBuildFile; fileRef = 5DBED8AD278F57B20059D088 /* bensound-buddy.mp3 */; };
		5DBED8B2278F57B20059D088 /* bensound-beyondtheline.mp3 in Resources */ = {isa = PBXBuildFile; fileRef = 5DBED8AE278F57B20059D088 /* bensound-beyondtheline.mp3 */; };
		5DBED8B3278F57B20059D088 /* bensound-creativeminds.mp3 in Resources */ = {isa = PBXBuildFile; fileRef = 5DBED8AF278F57B20059D088 /* bensound-creativeminds.mp3 */; };
		5DBED8B4278F57B20059D088 /* bensound-betterdays.mp3 in Resources */ = {isa = PBXBuildFile; fileRef = 5DBED8B0278F57B20059D088 /* bensound-betterdays.mp3 */; };
		5DBED8B6278F57B80059D088 /* bensound-happiness.mp3 in Resources */ = {isa = PBXBuildFile; fileRef = 5DBED8B5278F57B80059D088 /* bensound-happiness.mp3 */; };
		5DBED8BF278F57C80059D088 /* bensound-littleidea.mp3 in Resources */ = {isa = PBXBuildFile; fileRef = 5DBED8B7278F57C80059D088 /* bensound-littleidea.mp3 */; };
		5DBED8C0278F57C80059D088 /* bensound-jazzyfrenchy.mp3 in Resources */ = {isa = PBXBuildFile; fileRef = 5DBED8B8278F57C80059D088 /* bensound-jazzyfrenchy.mp3 */; };
		5DBED8C1278F57C80059D088 /* bensound-sweet.mp3 in Resources */ = {isa = PBXBuildFile; fileRef = 5DBED8B9278F57C80059D088 /* bensound-sweet.mp3 */; };
		5DBED8C2278F57C80059D088 /* bensound-theelevatorbossanova.mp3 in Resources */ = {isa = PBXBuildFile; fileRef = 5DBED8BA278F57C80059D088 /* bensound-theelevatorbossanova.mp3 */; };
		5DBED8C3278F57C80059D088 /* bensound-hipjazz.mp3 in Resources */ = {isa = PBXBuildFile; fileRef = 5DBED8BB278F57C80059D088 /* bensound-hipjazz.mp3 */; };
		5DBED8C4278F57C80059D088 /* bensound-sunny.mp3 in Resources */ = {isa = PBXBuildFile; fileRef = 5DBED8BC278F57C80059D088 /* bensound-sunny.mp3 */; };
		5DBED8C5278F57C80059D088 /* bensound-tenderness.mp3 in Resources */ = {isa = PBXBuildFile; fileRef = 5DBED8BD278F57C80059D088 /* bensound-tenderness.mp3 */; };
		5DBED8C6278F57C80059D088 /* bensound-retrosoul.mp3 in Resources */ = {isa = PBXBuildFile; fileRef = 5DBED8BE278F57C80059D088 /* bensound-retrosoul.mp3 */; };
		5DD5B08D278F3A7C0090E9A1 /* LaunchScreen.storyboard in Resources */ = {isa = PBXBuildFile; fileRef = 5DD5B08C278F3A7C0090E9A1 /* LaunchScreen.storyboard */; };
		5DFC5518278E774600C3BF56 /* Brainicon.svg in Resources */ = {isa = PBXBuildFile; fileRef = 5DFC5517278E774600C3BF56 /* Brainicon.svg */; };
		5DFC551A278F283200C3BF56 /* sunny.png in Resources */ = {isa = PBXBuildFile; fileRef = 5DFC5519278F283200C3BF56 /* sunny.png */; };
		5DFC551E278F38AC00C3BF56 /* nameandicon.png in Resources */ = {isa = PBXBuildFile; fileRef = 5DFC551D278F38AC00C3BF56 /* nameandicon.png */; };
/* End PBXBuildFile section */

/* Begin PBXContainerItemProxy section */
		20F2CCF8278DE17F00128598 /* PBXContainerItemProxy */ = {
			isa = PBXContainerItemProxy;
			containerPortal = 20F2CCDE278DE17400128598 /* Project object */;
			proxyType = 1;
			remoteGlobalIDString = 20F2CCE5278DE17400128598;
			remoteInfo = Musivity;
		};
		20F2CD03278DE17F00128598 /* PBXContainerItemProxy */ = {
			isa = PBXContainerItemProxy;
			containerPortal = 20F2CCDE278DE17400128598 /* Project object */;
			proxyType = 1;
			remoteGlobalIDString = 20F2CCE5278DE17400128598;
			remoteInfo = Musivity;
		};
/* End PBXContainerItemProxy section */

/* Begin PBXFileReference section */
		20F2CCE6278DE17500128598 /* Musivity.app */ = {isa = PBXFileReference; explicitFileType = wrapper.application; includeInIndex = 0; path = Musivity.app; sourceTree = BUILT_PRODUCTS_DIR; };
		20F2CCE9278DE17500128598 /* MusivityApp.swift */ = {isa = PBXFileReference; lastKnownFileType = sourcecode.swift; path = MusivityApp.swift; sourceTree = "<group>"; };
		20F2CCEB278DE17500128598 /* ContentView.swift */ = {isa = PBXFileReference; lastKnownFileType = sourcecode.swift; path = ContentView.swift; sourceTree = "<group>"; };
		20F2CCED278DE17F00128598 /* Assets.xcassets */ = {isa = PBXFileReference; lastKnownFileType = folder.assetcatalog; path = Assets.xcassets; sourceTree = "<group>"; };
		20F2CCF0278DE17F00128598 /* Preview Assets.xcassets */ = {isa = PBXFileReference; lastKnownFileType = folder.assetcatalog; path = "Preview Assets.xcassets"; sourceTree = "<group>"; };
		20F2CCF2278DE17F00128598 /* Info.plist */ = {isa = PBXFileReference; lastKnownFileType = text.plist.xml; path = Info.plist; sourceTree = "<group>"; };
		20F2CCF7278DE17F00128598 /* MusivityTests.xctest */ = {isa = PBXFileReference; explicitFileType = wrapper.cfbundle; includeInIndex = 0; path = MusivityTests.xctest; sourceTree = BUILT_PRODUCTS_DIR; };
		20F2CCFB278DE17F00128598 /* MusivityTests.swift */ = {isa = PBXFileReference; lastKnownFileType = sourcecode.swift; path = MusivityTests.swift; sourceTree = "<group>"; };
		20F2CCFD278DE17F00128598 /* Info.plist */ = {isa = PBXFileReference; lastKnownFileType = text.plist.xml; path = Info.plist; sourceTree = "<group>"; };
		20F2CD02278DE17F00128598 /* MusivityUITests.xctest */ = {isa = PBXFileReference; explicitFileType = wrapper.cfbundle; includeInIndex = 0; path = MusivityUITests.xctest; sourceTree = BUILT_PRODUCTS_DIR; };
		20F2CD06278DE17F00128598 /* MusivityUITests.swift */ = {isa = PBXFileReference; lastKnownFileType = sourcecode.swift; path = MusivityUITests.swift; sourceTree = "<group>"; };
		20F2CD08278DE17F00128598 /* Info.plist */ = {isa = PBXFileReference; lastKnownFileType = text.plist.xml; path = Info.plist; sourceTree = "<group>"; };
		20F2CD17278DE29200128598 /* README.md */ = {isa = PBXFileReference; lastKnownFileType = net.daringfireball.markdown; path = README.md; sourceTree = "<group>"; };
		20F2CD18278DE37100128598 /* CardView.swift */ = {isa = PBXFileReference; lastKnownFileType = sourcecode.swift; path = CardView.swift; sourceTree = "<group>"; };
		20F2CD28278DE46400128598 /* Song.swift */ = {isa = PBXFileReference; lastKnownFileType = sourcecode.swift; path = Song.swift; sourceTree = "<group>"; };
		5D15DA2E278DFAB400D2018C /* bensound-creativeminds.mp3 */ = {isa = PBXFileReference; lastKnownFileType = audio.mp3; path = "bensound-creativeminds.mp3"; sourceTree = "<group>"; };
		5D15DA2F278DFAB400D2018C /* bensound-happyrock.mp3 */ = {isa = PBXFileReference; lastKnownFileType = audio.mp3; path = "bensound-happyrock.mp3"; sourceTree = "<group>"; };
		5D15DA30278DFAB400D2018C /* bensound-anewbeginning.mp3 */ = {isa = PBXFileReference; lastKnownFileType = audio.mp3; path = "bensound-anewbeginning.mp3"; sourceTree = "<group>"; };
		5D15DA31278DFAB400D2018C /* bensound-goinghigher.mp3 */ = {isa = PBXFileReference; lastKnownFileType = audio.mp3; path = "bensound-goinghigher.mp3"; sourceTree = "<group>"; };
		5D15DA32278DFAB400D2018C /* bensound-sunny.mp3 */ = {isa = PBXFileReference; lastKnownFileType = audio.mp3; path = "bensound-sunny.mp3"; sourceTree = "<group>"; };
		5D15DA33278DFAB500D2018C /* bensound-betterdays.mp3 */ = {isa = PBXFileReference; lastKnownFileType = audio.mp3; path = "bensound-betterdays.mp3"; sourceTree = "<group>"; };
		5D15DA34278DFAB500D2018C /* bensound-ukulele.mp3 */ = {isa = PBXFileReference; lastKnownFileType = audio.mp3; path = "bensound-ukulele.mp3"; sourceTree = "<group>"; };
		5D15DA35278DFAB500D2018C /* bensound-jazzyfrenchy.mp3 */ = {isa = PBXFileReference; lastKnownFileType = audio.mp3; path = "bensound-jazzyfrenchy.mp3"; sourceTree = "<group>"; };
		5D15DA36278DFAB500D2018C /* bensound-littleidea.mp3 */ = {isa = PBXFileReference; lastKnownFileType = audio.mp3; path = "bensound-littleidea.mp3"; sourceTree = "<group>"; };
		5D15DA37278DFAB500D2018C /* bensound-tomorrow.mp3 */ = {isa = PBXFileReference; lastKnownFileType = audio.mp3; path = "bensound-tomorrow.mp3"; sourceTree = "<group>"; };
		5D15DA38278DFAB500D2018C /* bensound-dubstep.mp3 */ = {isa = PBXFileReference; lastKnownFileType = audio.mp3; path = "bensound-dubstep.mp3"; sourceTree = "<group>"; };
		5D399B19278E24790059AF78 /* goinghigher.png */ = {isa = PBXFileReference; lastKnownFileType = image.png; path = goinghigher.png; sourceTree = "<group>"; };
		5D399B1B278E250D0059AF78 /* tomorrow.png */ = {isa = PBXFileReference; lastKnownFileType = image.png; name = tomorrow.png; path = Assets.xcassets/tomorrow.png; sourceTree = "<group>"; };
		5D399B1D278E26C20059AF78 /* face-laugh-beam-regular.svg */ = {isa = PBXFileReference; fileEncoding = 4; lastKnownFileType = text; path = "face-laugh-beam-regular.svg"; sourceTree = "<group>"; };
		5D399B1F278E26E80059AF78 /* face-sad-cry-regular.svg */ = {isa = PBXFileReference; fileEncoding = 4; lastKnownFileType = text; path = "face-sad-cry-regular.svg"; sourceTree = "<group>"; };
		5D399B21278E2A790059AF78 /* ukulele.png */ = {isa = PBXFileReference; lastKnownFileType = image.png; path = ukulele.png; sourceTree = "<group>"; };
		5D399B23278E2B060059AF78 /* face-frown-solid.svg */ = {isa = PBXFileReference; fileEncoding = 4; lastKnownFileType = text; path = "face-frown-solid.svg"; sourceTree = "<group>"; };
		5D399B25278E2C930059AF78 /* face-frown-regular.svg */ = {isa = PBXFileReference; fileEncoding = 4; lastKnownFileType = text; path = "face-frown-regular.svg"; sourceTree = "<group>"; };
		5D399B27278E694F0059AF78 /* brainicon.png */ = {isa = PBXFileReference; lastKnownFileType = image.png; name = brainicon.png; path = icons/brainicon.png; sourceTree = SOURCE_ROOT; };
		5D50D6B2278DECDB0005BB41 /* MusicPlayer.swift */ = {isa = PBXFileReference; lastKnownFileType = sourcecode.swift; path = MusicPlayer.swift; sourceTree = "<group>"; };
		5DBED8AB278F57A50059D088 /* bensound-allthat.mp3 */ = {isa = PBXFileReference; lastKnownFileType = audio.mp3; path = "bensound-allthat.mp3"; sourceTree = "<group>"; };
		5DBED8AD278F57B20059D088 /* bensound-buddy.mp3 */ = {isa = PBXFileReference; lastKnownFileType = audio.mp3; path = "bensound-buddy.mp3"; sourceTree = "<group>"; };
		5DBED8AE278F57B20059D088 /* bensound-beyondtheline.mp3 */ = {isa = PBXFileReference; lastKnownFileType = audio.mp3; path = "bensound-beyondtheline.mp3"; sourceTree = "<group>"; };
		5DBED8AF278F57B20059D088 /* bensound-creativeminds.mp3 */ = {isa = PBXFileReference; lastKnownFileType = audio.mp3; path = "bensound-creativeminds.mp3"; sourceTree = "<group>"; };
		5DBED8B0278F57B20059D088 /* bensound-betterdays.mp3 */ = {isa = PBXFileReference; lastKnownFileType = audio.mp3; path = "bensound-betterdays.mp3"; sourceTree = "<group>"; };
		5DBED8B5278F57B80059D088 /* bensound-happiness.mp3 */ = {isa = PBXFileReference; lastKnownFileType = audio.mp3; path = "bensound-happiness.mp3"; sourceTree = "<group>"; };
		5DBED8B7278F57C80059D088 /* bensound-littleidea.mp3 */ = {isa = PBXFileReference; lastKnownFileType = audio.mp3; path = "bensound-littleidea.mp3"; sourceTree = "<group>"; };
		5DBED8B8278F57C80059D088 /* bensound-jazzyfrenchy.mp3 */ = {isa = PBXFileReference; lastKnownFileType = audio.mp3; path = "bensound-jazzyfrenchy.mp3"; sourceTree = "<group>"; };
		5DBED8B9278F57C80059D088 /* bensound-sweet.mp3 */ = {isa = PBXFileReference; lastKnownFileType = audio.mp3; path = "bensound-sweet.mp3"; sourceTree = "<group>"; };
		5DBED8BA278F57C80059D088 /* bensound-theelevatorbossanova.mp3 */ = {isa = PBXFileReference; lastKnownFileType = audio.mp3; path = "bensound-theelevatorbossanova.mp3"; sourceTree = "<group>"; };
		5DBED8BB278F57C80059D088 /* bensound-hipjazz.mp3 */ = {isa = PBXFileReference; lastKnownFileType = audio.mp3; path = "bensound-hipjazz.mp3"; sourceTree = "<group>"; };
		5DBED8BC278F57C80059D088 /* bensound-sunny.mp3 */ = {isa = PBXFileReference; lastKnownFileType = audio.mp3; path = "bensound-sunny.mp3"; sourceTree = "<group>"; };
		5DBED8BD278F57C80059D088 /* bensound-tenderness.mp3 */ = {isa = PBXFileReference; lastKnownFileType = audio.mp3; path = "bensound-tenderness.mp3"; sourceTree = "<group>"; };
		5DBED8BE278F57C80059D088 /* bensound-retrosoul.mp3 */ = {isa = PBXFileReference; lastKnownFileType = audio.mp3; path = "bensound-retrosoul.mp3"; sourceTree = "<group>"; };
		5DD5B08C278F3A7C0090E9A1 /* LaunchScreen.storyboard */ = {isa = PBXFileReference; lastKnownFileType = file.storyboard; path = LaunchScreen.storyboard; sourceTree = "<group>"; };
		5DFC5517278E774600C3BF56 /* Brainicon.svg */ = {isa = PBXFileReference; fileEncoding = 4; lastKnownFileType = text; name = Brainicon.svg; path = ../../Brainicon.svg; sourceTree = "<group>"; };
		5DFC5519278F283200C3BF56 /* sunny.png */ = {isa = PBXFileReference; lastKnownFileType = image.png; path = sunny.png; sourceTree = "<group>"; };
		5DFC551D278F38AC00C3BF56 /* nameandicon.png */ = {isa = PBXFileReference; lastKnownFileType = image.png; name = nameandicon.png; path = icons/nameandicon.png; sourceTree = SOURCE_ROOT; };
/* End PBXFileReference section */

/* Begin PBXFrameworksBuildPhase section */
		20F2CCE3278DE17400128598 /* Frameworks */ = {
			isa = PBXFrameworksBuildPhase;
			buildActionMask = 2147483647;
			files = (
			);
			runOnlyForDeploymentPostprocessing = 0;
		};
		20F2CCF4278DE17F00128598 /* Frameworks */ = {
			isa = PBXFrameworksBuildPhase;
			buildActionMask = 2147483647;
			files = (
			);
			runOnlyForDeploymentPostprocessing = 0;
		};
		20F2CCFF278DE17F00128598 /* Frameworks */ = {
			isa = PBXFrameworksBuildPhase;
			buildActionMask = 2147483647;
			files = (
			);
			runOnlyForDeploymentPostprocessing = 0;
		};
/* End PBXFrameworksBuildPhase section */

/* Begin PBXGroup section */
		20F2CCDD278DE17400128598 = {
			isa = PBXGroup;
			children = (
				20F2CD17278DE29200128598 /* README.md */,
				20F2CCE8278DE17500128598 /* Musivity */,
				20F2CCFA278DE17F00128598 /* MusivityTests */,
				20F2CD05278DE17F00128598 /* MusivityUITests */,
				20F2CCE7278DE17500128598 /* Products */,
			);
			sourceTree = "<group>";
		};
		20F2CCE7278DE17500128598 /* Products */ = {
			isa = PBXGroup;
			children = (
				20F2CCE6278DE17500128598 /* Musivity.app */,
				20F2CCF7278DE17F00128598 /* MusivityTests.xctest */,
				20F2CD02278DE17F00128598 /* MusivityUITests.xctest */,
			);
			name = Products;
			sourceTree = "<group>";
		};
		20F2CCE8278DE17500128598 /* Musivity */ = {
			isa = PBXGroup;
			children = (
				20F2CCE9278DE17500128598 /* MusivityApp.swift */,
				20F2CCEB278DE17500128598 /* ContentView.swift */,
				5D50D6B2278DECDB0005BB41 /* MusicPlayer.swift */,
				5D15DA30278DFAB400D2018C /* bensound-anewbeginning.mp3 */,
				5D15DA33278DFAB500D2018C /* bensound-betterdays.mp3 */,
				5D15DA2E278DFAB400D2018C /* bensound-creativeminds.mp3 */,
				5D15DA38278DFAB500D2018C /* bensound-dubstep.mp3 */,
				5D15DA31278DFAB400D2018C /* bensound-goinghigher.mp3 */,
				5D15DA2F278DFAB400D2018C /* bensound-happyrock.mp3 */,
				5D399B19278E24790059AF78 /* goinghigher.png */,
				5D399B23278E2B060059AF78 /* face-frown-solid.svg */,
				5D399B1D278E26C20059AF78 /* face-laugh-beam-regular.svg */,
				5DFC5517278E774600C3BF56 /* Brainicon.svg */,
				5DBED8BB278F57C80059D088 /* bensound-hipjazz.mp3 */,
				5D15DA35278DFAB500D2018C /* bensound-jazzyfrenchy.mp3 */,
				5D399B1B278E250D0059AF78 /* tomorrow.png */,
				5D399B21278E2A790059AF78 /* ukulele.png */,
				5DBED8B8278F57C80059D088 /* bensound-jazzyfrenchy.mp3 */,
				5D15DA36278DFAB500D2018C /* bensound-littleidea.mp3 */,
				5D399B27278E694F0059AF78 /* brainicon.png */,
				5DBED8B7278F57C80059D088 /* bensound-littleidea.mp3 */,
				5DBED8BE278F57C80059D088 /* bensound-retrosoul.mp3 */,
				5DBED8BC278F57C80059D088 /* bensound-sunny.mp3 */,
				5DBED8B9278F57C80059D088 /* bensound-sweet.mp3 */,
				5DBED8BD278F57C80059D088 /* bensound-tenderness.mp3 */,
				5DBED8BA278F57C80059D088 /* bensound-theelevatorbossanova.mp3 */,
				5DBED8AB278F57A50059D088 /* bensound-allthat.mp3 */,
				5D399B25278E2C930059AF78 /* face-frown-regular.svg */,
				5DBED8B5278F57B80059D088 /* bensound-happiness.mp3 */,
				5D15DA32278DFAB400D2018C /* bensound-sunny.mp3 */,
				5DFC5519278F283200C3BF56 /* sunny.png */,
				5DBED8B0278F57B20059D088 /* bensound-betterdays.mp3 */,
				5DBED8AE278F57B20059D088 /* bensound-beyondtheline.mp3 */,
				5DBED8AD278F57B20059D088 /* bensound-buddy.mp3 */,
				5DBED8AF278F57B20059D088 /* bensound-creativeminds.mp3 */,
				5DFC551D278F38AC00C3BF56 /* nameandicon.png */,
				5D15DA37278DFAB500D2018C /* bensound-tomorrow.mp3 */,
				5D15DA34278DFAB500D2018C /* bensound-ukulele.mp3 */,
				20F2CCED278DE17F00128598 /* Assets.xcassets */,
				20F2CCF2278DE17F00128598 /* Info.plist */,
				5DD5B08C278F3A7C0090E9A1 /* LaunchScreen.storyboard */,
				20F2CCEF278DE17F00128598 /* Preview Content */,
				20F2CD18278DE37100128598 /* CardView.swift */,
				5D399B1F278E26E80059AF78 /* face-sad-cry-regular.svg */,
				20F2CD28278DE46400128598 /* Song.swift */,
			);
			path = Musivity;
			sourceTree = "<group>";
		};
		20F2CCEF278DE17F00128598 /* Preview Content */ = {
			isa = PBXGroup;
			children = (
				20F2CCF0278DE17F00128598 /* Preview Assets.xcassets */,
			);
			path = "Preview Content";
			sourceTree = "<group>";
		};
		20F2CCFA278DE17F00128598 /* MusivityTests */ = {
			isa = PBXGroup;
			children = (
				20F2CCFB278DE17F00128598 /* MusivityTests.swift */,
				20F2CCFD278DE17F00128598 /* Info.plist */,
			);
			path = MusivityTests;
			sourceTree = "<group>";
		};
		20F2CD05278DE17F00128598 /* MusivityUITests */ = {
			isa = PBXGroup;
			children = (
				20F2CD06278DE17F00128598 /* MusivityUITests.swift */,
				20F2CD08278DE17F00128598 /* Info.plist */,
			);
			path = MusivityUITests;
			sourceTree = "<group>";
		};
/* End PBXGroup section */

/* Begin PBXNativeTarget section */
		20F2CCE5278DE17400128598 /* Musivity */ = {
			isa = PBXNativeTarget;
			buildConfigurationList = 20F2CD0B278DE17F00128598 /* Build configuration list for PBXNativeTarget "Musivity" */;
			buildPhases = (
				20F2CCE2278DE17400128598 /* Sources */,
				20F2CCE3278DE17400128598 /* Frameworks */,
				20F2CCE4278DE17400128598 /* Resources */,
			);
			buildRules = (
			);
			dependencies = (
			);
			name = Musivity;
			productName = Musivity;
			productReference = 20F2CCE6278DE17500128598 /* Musivity.app */;
			productType = "com.apple.product-type.application";
		};
		20F2CCF6278DE17F00128598 /* MusivityTests */ = {
			isa = PBXNativeTarget;
			buildConfigurationList = 20F2CD0E278DE17F00128598 /* Build configuration list for PBXNativeTarget "MusivityTests" */;
			buildPhases = (
				20F2CCF3278DE17F00128598 /* Sources */,
				20F2CCF4278DE17F00128598 /* Frameworks */,
				20F2CCF5278DE17F00128598 /* Resources */,
			);
			buildRules = (
			);
			dependencies = (
				20F2CCF9278DE17F00128598 /* PBXTargetDependency */,
			);
			name = MusivityTests;
			productName = MusivityTests;
			productReference = 20F2CCF7278DE17F00128598 /* MusivityTests.xctest */;
			productType = "com.apple.product-type.bundle.unit-test";
		};
		20F2CD01278DE17F00128598 /* MusivityUITests */ = {
			isa = PBXNativeTarget;
			buildConfigurationList = 20F2CD11278DE17F00128598 /* Build configuration list for PBXNativeTarget "MusivityUITests" */;
			buildPhases = (
				20F2CCFE278DE17F00128598 /* Sources */,
				20F2CCFF278DE17F00128598 /* Frameworks */,
				20F2CD00278DE17F00128598 /* Resources */,
			);
			buildRules = (
			);
			dependencies = (
				20F2CD04278DE17F00128598 /* PBXTargetDependency */,
			);
			name = MusivityUITests;
			productName = MusivityUITests;
			productReference = 20F2CD02278DE17F00128598 /* MusivityUITests.xctest */;
			productType = "com.apple.product-type.bundle.ui-testing";
		};
/* End PBXNativeTarget section */

/* Begin PBXProject section */
		20F2CCDE278DE17400128598 /* Project object */ = {
			isa = PBXProject;
			attributes = {
				LastSwiftUpdateCheck = 1240;
				LastUpgradeCheck = 1240;
				TargetAttributes = {
					20F2CCE5278DE17400128598 = {
						CreatedOnToolsVersion = 12.4;
					};
					20F2CCF6278DE17F00128598 = {
						CreatedOnToolsVersion = 12.4;
						TestTargetID = 20F2CCE5278DE17400128598;
					};
					20F2CD01278DE17F00128598 = {
						CreatedOnToolsVersion = 12.4;
						TestTargetID = 20F2CCE5278DE17400128598;
					};
				};
			};
			buildConfigurationList = 20F2CCE1278DE17400128598 /* Build configuration list for PBXProject "Musivity" */;
			compatibilityVersion = "Xcode 9.3";
			developmentRegion = en;
			hasScannedForEncodings = 0;
			knownRegions = (
				en,
				Base,
			);
			mainGroup = 20F2CCDD278DE17400128598;
			productRefGroup = 20F2CCE7278DE17500128598 /* Products */;
			projectDirPath = "";
			projectRoot = "";
			targets = (
				20F2CCE5278DE17400128598 /* Musivity */,
				20F2CCF6278DE17F00128598 /* MusivityTests */,
				20F2CD01278DE17F00128598 /* MusivityUITests */,
			);
		};
/* End PBXProject section */

/* Begin PBXResourcesBuildPhase section */
		20F2CCE4278DE17400128598 /* Resources */ = {
			isa = PBXResourcesBuildPhase;
			buildActionMask = 2147483647;
			files = (
				5D15DA3A278DFAB500D2018C /* bensound-happyrock.mp3 in Resources */,
				5DBED8C3278F57C80059D088 /* bensound-hipjazz.mp3 in Resources */,
				5DBED8C6278F57C80059D088 /* bensound-retrosoul.mp3 in Resources */,
				5DBED8C0278F57C80059D088 /* bensound-jazzyfrenchy.mp3 in Resources */,
				5DBED8BF278F57C80059D088 /* bensound-littleidea.mp3 in Resources */,
				5D15DA41278DFAB500D2018C /* bensound-littleidea.mp3 in Resources */,
				5D399B1E278E26C20059AF78 /* face-laugh-beam-regular.svg in Resources */,
				20F2CCF1278DE17F00128598 /* Preview Assets.xcassets in Resources */,
				5DBED8B3278F57B20059D088 /* bensound-creativeminds.mp3 in Resources */,
				5DBED8C4278F57C80059D088 /* bensound-sunny.mp3 in Resources */,
				5D15DA3F278DFAB500D2018C /* bensound-ukulele.mp3 in Resources */,
				5DBED8C2278F57C80059D088 /* bensound-theelevatorbossanova.mp3 in Resources */,
				5DBED8B2278F57B20059D088 /* bensound-beyondtheline.mp3 in Resources */,
				5DBED8B4278F57B20059D088 /* bensound-betterdays.mp3 in Resources */,
				5DBED8AC278F57A50059D088 /* bensound-allthat.mp3 in Resources */,
				5DFC551A278F283200C3BF56 /* sunny.png in Resources */,
				5D15DA3C278DFAB500D2018C /* bensound-goinghigher.mp3 in Resources */,
				5DBED8B6278F57B80059D088 /* bensound-happiness.mp3 in Resources */,
				5DBED8C5278F57C80059D088 /* bensound-tenderness.mp3 in Resources */,
				5DD5B08D278F3A7C0090E9A1 /* LaunchScreen.storyboard in Resources */,
				5D399B1A278E24790059AF78 /* goinghigher.png in Resources */,
				5D399B22278E2A790059AF78 /* ukulele.png in Resources */,
				5DBED8C1278F57C80059D088 /* bensound-sweet.mp3 in Resources */,
				5D15DA43278DFAB500D2018C /* bensound-dubstep.mp3 in Resources */,
				5D399B20278E26E80059AF78 /* face-sad-cry-regular.svg in Resources */,
				5D15DA3B278DFAB500D2018C /* bensound-anewbeginning.mp3 in Resources */,
				5DFC5518278E774600C3BF56 /* Brainicon.svg in Resources */,
				5D399B1C278E250D0059AF78 /* tomorrow.png in Resources */,
				5D15DA40278DFAB500D2018C /* bensound-jazzyfrenchy.mp3 in Resources */,
				5D399B26278E2C930059AF78 /* face-frown-regular.svg in Resources */,
				5D399B28278E694F0059AF78 /* brainicon.png in Resources */,
				5D15DA39278DFAB500D2018C /* bensound-creativeminds.mp3 in Resources */,
				5D399B24278E2B060059AF78 /* face-frown-solid.svg in Resources */,
				5DBED8B1278F57B20059D088 /* bensound-buddy.mp3 in Resources */,
				5D15DA3D278DFAB500D2018C /* bensound-sunny.mp3 in Resources */,
				20F2CCEE278DE17F00128598 /* Assets.xcassets in Resources */,
				5DFC551E278F38AC00C3BF56 /* nameandicon.png in Resources */,
				5D15DA3E278DFAB500D2018C /* bensound-betterdays.mp3 in Resources */,
				5D15DA42278DFAB500D2018C /* bensound-tomorrow.mp3 in Resources */,
			);
			runOnlyForDeploymentPostprocessing = 0;
		};
		20F2CCF5278DE17F00128598 /* Resources */ = {
			isa = PBXResourcesBuildPhase;
			buildActionMask = 2147483647;
			files = (
			);
			runOnlyForDeploymentPostprocessing = 0;
		};
		20F2CD00278DE17F00128598 /* Resources */ = {
			isa = PBXResourcesBuildPhase;
			buildActionMask = 2147483647;
			files = (
			);
			runOnlyForDeploymentPostprocessing = 0;
		};
/* End PBXResourcesBuildPhase section */

/* Begin PBXSourcesBuildPhase section */
		20F2CCE2278DE17400128598 /* Sources */ = {
			isa = PBXSourcesBuildPhase;
			buildActionMask = 2147483647;
			files = (
				20F2CD29278DE46400128598 /* Song.swift in Sources */,
				20F2CCEC278DE17500128598 /* ContentView.swift in Sources */,
				20F2CD19278DE37100128598 /* CardView.swift in Sources */,
				5D50D6B3278DECDB0005BB41 /* MusicPlayer.swift in Sources */,
				20F2CCEA278DE17500128598 /* MusivityApp.swift in Sources */,
			);
			runOnlyForDeploymentPostprocessing = 0;
		};
		20F2CCF3278DE17F00128598 /* Sources */ = {
			isa = PBXSourcesBuildPhase;
			buildActionMask = 2147483647;
			files = (
				20F2CCFC278DE17F00128598 /* MusivityTests.swift in Sources */,
			);
			runOnlyForDeploymentPostprocessing = 0;
		};
		20F2CCFE278DE17F00128598 /* Sources */ = {
			isa = PBXSourcesBuildPhase;
			buildActionMask = 2147483647;
			files = (
				20F2CD07278DE17F00128598 /* MusivityUITests.swift in Sources */,
			);
			runOnlyForDeploymentPostprocessing = 0;
		};
/* End PBXSourcesBuildPhase section */

/* Begin PBXTargetDependency section */
		20F2CCF9278DE17F00128598 /* PBXTargetDependency */ = {
			isa = PBXTargetDependency;
			target = 20F2CCE5278DE17400128598 /* Musivity */;
			targetProxy = 20F2CCF8278DE17F00128598 /* PBXContainerItemProxy */;
		};
		20F2CD04278DE17F00128598 /* PBXTargetDependency */ = {
			isa = PBXTargetDependency;
			target = 20F2CCE5278DE17400128598 /* Musivity */;
			targetProxy = 20F2CD03278DE17F00128598 /* PBXContainerItemProxy */;
		};
/* End PBXTargetDependency section */

/* Begin XCBuildConfiguration section */
		20F2CD09278DE17F00128598 /* Debug */ = {
			isa = XCBuildConfiguration;
			buildSettings = {
				ALWAYS_SEARCH_USER_PATHS = NO;
				CLANG_ANALYZER_NONNULL = YES;
				CLANG_ANALYZER_NUMBER_OBJECT_CONVERSION = YES_AGGRESSIVE;
				CLANG_CXX_LANGUAGE_STANDARD = "gnu++14";
				CLANG_CXX_LIBRARY = "libc++";
				CLANG_ENABLE_MODULES = YES;
				CLANG_ENABLE_OBJC_ARC = YES;
				CLANG_ENABLE_OBJC_WEAK = YES;
				CLANG_WARN_BLOCK_CAPTURE_AUTORELEASING = YES;
				CLANG_WARN_BOOL_CONVERSION = YES;
				CLANG_WARN_COMMA = YES;
				CLANG_WARN_CONSTANT_CONVERSION = YES;
				CLANG_WARN_DEPRECATED_OBJC_IMPLEMENTATIONS = YES;
				CLANG_WARN_DIRECT_OBJC_ISA_USAGE = YES_ERROR;
				CLANG_WARN_DOCUMENTATION_COMMENTS = YES;
				CLANG_WARN_EMPTY_BODY = YES;
				CLANG_WARN_ENUM_CONVERSION = YES;
				CLANG_WARN_INFINITE_RECURSION = YES;
				CLANG_WARN_INT_CONVERSION = YES;
				CLANG_WARN_NON_LITERAL_NULL_CONVERSION = YES;
				CLANG_WARN_OBJC_IMPLICIT_RETAIN_SELF = YES;
				CLANG_WARN_OBJC_LITERAL_CONVERSION = YES;
				CLANG_WARN_OBJC_ROOT_CLASS = YES_ERROR;
				CLANG_WARN_QUOTED_INCLUDE_IN_FRAMEWORK_HEADER = YES;
				CLANG_WARN_RANGE_LOOP_ANALYSIS = YES;
				CLANG_WARN_STRICT_PROTOTYPES = YES;
				CLANG_WARN_SUSPICIOUS_MOVE = YES;
				CLANG_WARN_UNGUARDED_AVAILABILITY = YES_AGGRESSIVE;
				CLANG_WARN_UNREACHABLE_CODE = YES;
				CLANG_WARN__DUPLICATE_METHOD_MATCH = YES;
				COPY_PHASE_STRIP = NO;
				DEBUG_INFORMATION_FORMAT = dwarf;
				ENABLE_STRICT_OBJC_MSGSEND = YES;
				ENABLE_TESTABILITY = YES;
				GCC_C_LANGUAGE_STANDARD = gnu11;
				GCC_DYNAMIC_NO_PIC = NO;
				GCC_NO_COMMON_BLOCKS = YES;
				GCC_OPTIMIZATION_LEVEL = 0;
				GCC_PREPROCESSOR_DEFINITIONS = (
					"DEBUG=1",
					"$(inherited)",
				);
				GCC_WARN_64_TO_32_BIT_CONVERSION = YES;
				GCC_WARN_ABOUT_RETURN_TYPE = YES_ERROR;
				GCC_WARN_UNDECLARED_SELECTOR = YES;
				GCC_WARN_UNINITIALIZED_AUTOS = YES_AGGRESSIVE;
				GCC_WARN_UNUSED_FUNCTION = YES;
				GCC_WARN_UNUSED_VARIABLE = YES;
				IPHONEOS_DEPLOYMENT_TARGET = 14.4;
				MTL_ENABLE_DEBUG_INFO = INCLUDE_SOURCE;
				MTL_FAST_MATH = YES;
				ONLY_ACTIVE_ARCH = YES;
				SDKROOT = iphoneos;
				SWIFT_ACTIVE_COMPILATION_CONDITIONS = DEBUG;
				SWIFT_OPTIMIZATION_LEVEL = "-Onone";
			};
			name = Debug;
		};
		20F2CD0A278DE17F00128598 /* Release */ = {
			isa = XCBuildConfiguration;
			buildSettings = {
				ALWAYS_SEARCH_USER_PATHS = NO;
				CLANG_ANALYZER_NONNULL = YES;
				CLANG_ANALYZER_NUMBER_OBJECT_CONVERSION = YES_AGGRESSIVE;
				CLANG_CXX_LANGUAGE_STANDARD = "gnu++14";
				CLANG_CXX_LIBRARY = "libc++";
				CLANG_ENABLE_MODULES = YES;
				CLANG_ENABLE_OBJC_ARC = YES;
				CLANG_ENABLE_OBJC_WEAK = YES;
				CLANG_WARN_BLOCK_CAPTURE_AUTORELEASING = YES;
				CLANG_WARN_BOOL_CONVERSION = YES;
				CLANG_WARN_COMMA = YES;
				CLANG_WARN_CONSTANT_CONVERSION = YES;
				CLANG_WARN_DEPRECATED_OBJC_IMPLEMENTATIONS = YES;
				CLANG_WARN_DIRECT_OBJC_ISA_USAGE = YES_ERROR;
				CLANG_WARN_DOCUMENTATION_COMMENTS = YES;
				CLANG_WARN_EMPTY_BODY = YES;
				CLANG_WARN_ENUM_CONVERSION = YES;
				CLANG_WARN_INFINITE_RECURSION = YES;
				CLANG_WARN_INT_CONVERSION = YES;
				CLANG_WARN_NON_LITERAL_NULL_CONVERSION = YES;
				CLANG_WARN_OBJC_IMPLICIT_RETAIN_SELF = YES;
				CLANG_WARN_OBJC_LITERAL_CONVERSION = YES;
				CLANG_WARN_OBJC_ROOT_CLASS = YES_ERROR;
				CLANG_WARN_QUOTED_INCLUDE_IN_FRAMEWORK_HEADER = YES;
				CLANG_WARN_RANGE_LOOP_ANALYSIS = YES;
				CLANG_WARN_STRICT_PROTOTYPES = YES;
				CLANG_WARN_SUSPICIOUS_MOVE = YES;
				CLANG_WARN_UNGUARDED_AVAILABILITY = YES_AGGRESSIVE;
				CLANG_WARN_UNREACHABLE_CODE = YES;
				CLANG_WARN__DUPLICATE_METHOD_MATCH = YES;
				COPY_PHASE_STRIP = NO;
				DEBUG_INFORMATION_FORMAT = "dwarf-with-dsym";
				ENABLE_NS_ASSERTIONS = NO;
				ENABLE_STRICT_OBJC_MSGSEND = YES;
				GCC_C_LANGUAGE_STANDARD = gnu11;
				GCC_NO_COMMON_BLOCKS = YES;
				GCC_WARN_64_TO_32_BIT_CONVERSION = YES;
				GCC_WARN_ABOUT_RETURN_TYPE = YES_ERROR;
				GCC_WARN_UNDECLARED_SELECTOR = YES;
				GCC_WARN_UNINITIALIZED_AUTOS = YES_AGGRESSIVE;
				GCC_WARN_UNUSED_FUNCTION = YES;
				GCC_WARN_UNUSED_VARIABLE = YES;
				IPHONEOS_DEPLOYMENT_TARGET = 14.4;
				MTL_ENABLE_DEBUG_INFO = NO;
				MTL_FAST_MATH = YES;
				SDKROOT = iphoneos;
				SWIFT_COMPILATION_MODE = wholemodule;
				SWIFT_OPTIMIZATION_LEVEL = "-O";
				VALIDATE_PRODUCT = YES;
			};
			name = Release;
		};
		20F2CD0C278DE17F00128598 /* Debug */ = {
			isa = XCBuildConfiguration;
			buildSettings = {
				ASSETCATALOG_COMPILER_APPICON_NAME = AppIcon;
				ASSETCATALOG_COMPILER_GLOBAL_ACCENT_COLOR_NAME = AccentColor;
				CODE_SIGN_STYLE = Automatic;
				DEVELOPMENT_ASSET_PATHS = "\"Musivity/Preview Content\"";
				DEVELOPMENT_TEAM = JZ9T29HJQQ;
				ENABLE_PREVIEWS = YES;
				INFOPLIST_FILE = Musivity/Info.plist;
				IPHONEOS_DEPLOYMENT_TARGET = 14.0;
				LD_RUNPATH_SEARCH_PATHS = (
					"$(inherited)",
					"@executable_path/Frameworks",
				);
				PRODUCT_BUNDLE_IDENTIFIER = swathack.Musivity;
				PRODUCT_NAME = "$(TARGET_NAME)";
				SWIFT_VERSION = 5.0;
				TARGETED_DEVICE_FAMILY = "1,2";
			};
			name = Debug;
		};
		20F2CD0D278DE17F00128598 /* Release */ = {
			isa = XCBuildConfiguration;
			buildSettings = {
				ASSETCATALOG_COMPILER_APPICON_NAME = AppIcon;
				ASSETCATALOG_COMPILER_GLOBAL_ACCENT_COLOR_NAME = AccentColor;
				CODE_SIGN_STYLE = Automatic;
				DEVELOPMENT_ASSET_PATHS = "\"Musivity/Preview Content\"";
				DEVELOPMENT_TEAM = JZ9T29HJQQ;
				ENABLE_PREVIEWS = YES;
				INFOPLIST_FILE = Musivity/Info.plist;
				IPHONEOS_DEPLOYMENT_TARGET = 14.0;
				LD_RUNPATH_SEARCH_PATHS = (
					"$(inherited)",
					"@executable_path/Frameworks",
				);
				PRODUCT_BUNDLE_IDENTIFIER = swathack.Musivity;
				PRODUCT_NAME = "$(TARGET_NAME)";
				SWIFT_VERSION = 5.0;
				TARGETED_DEVICE_FAMILY = "1,2";
			};
			name = Release;
		};
		20F2CD0F278DE17F00128598 /* Debug */ = {
			isa = XCBuildConfiguration;
			buildSettings = {
				ALWAYS_EMBED_SWIFT_STANDARD_LIBRARIES = YES;
				BUNDLE_LOADER = "$(TEST_HOST)";
				CODE_SIGN_STYLE = Automatic;
				DEVELOPMENT_TEAM = JZ9T29HJQQ;
				INFOPLIST_FILE = MusivityTests/Info.plist;
				IPHONEOS_DEPLOYMENT_TARGET = 14.0;
				LD_RUNPATH_SEARCH_PATHS = (
					"$(inherited)",
					"@executable_path/Frameworks",
					"@loader_path/Frameworks",
				);
				PRODUCT_BUNDLE_IDENTIFIER = swathack.MusivityTests;
				PRODUCT_NAME = "$(TARGET_NAME)";
				SWIFT_VERSION = 5.0;
				TARGETED_DEVICE_FAMILY = "1,2";
				TEST_HOST = "$(BUILT_PRODUCTS_DIR)/Musivity.app/Musivity";
			};
			name = Debug;
		};
		20F2CD10278DE17F00128598 /* Release */ = {
			isa = XCBuildConfiguration;
			buildSettings = {
				ALWAYS_EMBED_SWIFT_STANDARD_LIBRARIES = YES;
				BUNDLE_LOADER = "$(TEST_HOST)";
				CODE_SIGN_STYLE = Automatic;
				DEVELOPMENT_TEAM = JZ9T29HJQQ;
				INFOPLIST_FILE = MusivityTests/Info.plist;
				IPHONEOS_DEPLOYMENT_TARGET = 14.0;
				LD_RUNPATH_SEARCH_PATHS = (
					"$(inherited)",
					"@executable_path/Frameworks",
					"@loader_path/Frameworks",
				);
				PRODUCT_BUNDLE_IDENTIFIER = swathack.MusivityTests;
				PRODUCT_NAME = "$(TARGET_NAME)";
				SWIFT_VERSION = 5.0;
				TARGETED_DEVICE_FAMILY = "1,2";
				TEST_HOST = "$(BUILT_PRODUCTS_DIR)/Musivity.app/Musivity";
			};
			name = Release;
		};
		20F2CD12278DE17F00128598 /* Debug */ = {
			isa = XCBuildConfiguration;
			buildSettings = {
				ALWAYS_EMBED_SWIFT_STANDARD_LIBRARIES = YES;
				CODE_SIGN_STYLE = Automatic;
				DEVELOPMENT_TEAM = JZ9T29HJQQ;
				INFOPLIST_FILE = MusivityUITests/Info.plist;
				LD_RUNPATH_SEARCH_PATHS = (
					"$(inherited)",
					"@executable_path/Frameworks",
					"@loader_path/Frameworks",
				);
				PRODUCT_BUNDLE_IDENTIFIER = swathack.MusivityUITests;
				PRODUCT_NAME = "$(TARGET_NAME)";
				SWIFT_VERSION = 5.0;
				TARGETED_DEVICE_FAMILY = "1,2";
				TEST_TARGET_NAME = Musivity;
			};
			name = Debug;
		};
		20F2CD13278DE17F00128598 /* Release */ = {
			isa = XCBuildConfiguration;
			buildSettings = {
				ALWAYS_EMBED_SWIFT_STANDARD_LIBRARIES = YES;
				CODE_SIGN_STYLE = Automatic;
				DEVELOPMENT_TEAM = JZ9T29HJQQ;
				INFOPLIST_FILE = MusivityUITests/Info.plist;
				LD_RUNPATH_SEARCH_PATHS = (
					"$(inherited)",
					"@executable_path/Frameworks",
					"@loader_path/Frameworks",
				);
				PRODUCT_BUNDLE_IDENTIFIER = swathack.MusivityUITests;
				PRODUCT_NAME = "$(TARGET_NAME)";
				SWIFT_VERSION = 5.0;
				TARGETED_DEVICE_FAMILY = "1,2";
				TEST_TARGET_NAME = Musivity;
			};
			name = Release;
		};
/* End XCBuildConfiguration section */

/* Begin XCConfigurationList section */
		20F2CCE1278DE17400128598 /* Build configuration list for PBXProject "Musivity" */ = {
			isa = XCConfigurationList;
			buildConfigurations = (
				20F2CD09278DE17F00128598 /* Debug */,
				20F2CD0A278DE17F00128598 /* Release */,
			);
			defaultConfigurationIsVisible = 0;
			defaultConfigurationName = Release;
		};
		20F2CD0B278DE17F00128598 /* Build configuration list for PBXNativeTarget "Musivity" */ = {
			isa = XCConfigurationList;
			buildConfigurations = (
				20F2CD0C278DE17F00128598 /* Debug */,
				20F2CD0D278DE17F00128598 /* Release */,
			);
			defaultConfigurationIsVisible = 0;
			defaultConfigurationName = Release;
		};
		20F2CD0E278DE17F00128598 /* Build configuration list for PBXNativeTarget "MusivityTests" */ = {
			isa = XCConfigurationList;
			buildConfigurations = (
				20F2CD0F278DE17F00128598 /* Debug */,
				20F2CD10278DE17F00128598 /* Release */,
			);
			defaultConfigurationIsVisible = 0;
			defaultConfigurationName = Release;
		};
		20F2CD11278DE17F00128598 /* Build configuration list for PBXNativeTarget "MusivityUITests" */ = {
			isa = XCConfigurationList;
			buildConfigurations = (
				20F2CD12278DE17F00128598 /* Debug */,
				20F2CD13278DE17F00128598 /* Release */,
			);
			defaultConfigurationIsVisible = 0;
			defaultConfigurationName = Release;
		};
/* End XCConfigurationList section */
	};
	rootObject = 20F2CCDE278DE17400128598 /* Project object */;
}
